
Microsoft Visual Studio Solution File, Format Version 12.00
# Visual Studio Version 16
VisualStudioVersion = 16.0.32802.440
MinimumVisualStudioVersion = 10.0.40219.1
Project("{9A19103F-16F7-4668-BE54-9A1E7A4F7556}") = "softcaribbeanPruebaTecnica", "softcaribbeanPruebaTecnica\softcaribbeanPruebaTecnica.csproj", "{B0E8292F-92DE-465F-8B7E-34AD0DAEE46F}"
EndProject
Project("{9A19103F-16F7-4668-BE54-9A1E7A4F7556}") = "softcaribbeanPruebaTecnica.Data", "softcaribbeanPruebaTecnica.Data\softcaribbeanPruebaTecnica.Data.csproj", "{18687CBA-7E72-4960-A3F7-9AA9203378CB}"
EndProject
Project("{9A19103F-16F7-4668-BE54-9A1E7A4F7556}") = "softcaribbeanPruebaTecnica.Model", "softcaribbeanPruebaTecnica.Model\softcaribbeanPruebaTecnica.Model.csproj", "{FFF59856-A55D-4B0D-9EDB-ABD50EB2D2C7}"
EndProject
Project("{FAE04EC0-301F-11D3-BF4B-00C04F79EFBC}") = "softcaribbeanTest", "softcaribbeanTest\softcaribbeanTest.csproj", "{5D81C050-C47F-441A-BF69-DB8EE432A7E8}"
EndProject
Global
	GlobalSection(SolutionConfigurationPlatforms) = preSolution
		Debug|Any CPU = Debug|Any CPU
		Release|Any CPU = Release|Any CPU
	EndGlobalSection
	GlobalSection(ProjectConfigurationPlatforms) = postSolution
		{B0E8292F-92DE-465F-8B7E-34AD0DAEE46F}.Debug|Any CPU.ActiveCfg = Debug|Any CPU
		{B0E8292F-92DE-465F-8B7E-34AD0DAEE46F}.Debug|Any CPU.Build.0 = Debug|Any CPU
		{B0E8292F-92DE-465F-8B7E-34AD0DAEE46F}.Release|Any CPU.ActiveCfg = Release|Any CPU
		{B0E8292F-92DE-465F-8B7E-34AD0DAEE46F}.Release|Any CPU.Build.0 = Release|Any CPU
		{18687CBA-7E72-4960-A3F7-9AA9203378CB}.Debug|Any CPU.ActiveCfg = Debug|Any CPU
		{18687CBA-7E72-4960-A3F7-9AA9203378CB}.Debug|Any CPU.Build.0 = Debug|Any CPU
		{18687CBA-7E72-4960-A3F7-9AA9203378CB}.Release|Any CPU.ActiveCfg = Release|Any CPU
		{18687CBA-7E72-4960-A3F7-9AA9203378CB}.Release|Any CPU.Build.0 = Release|Any CPU
		{FFF59856-A55D-4B0D-9EDB-ABD50EB2D2C7}.Debug|Any CPU.ActiveCfg = Debug|Any CPU
		{FFF59856-A55D-4B0D-9EDB-ABD50EB2D2C7}.Debug|Any CPU.Build.0 = Debug|Any CPU
		{FFF59856-A55D-4B0D-9EDB-ABD50EB2D2C7}.Release|Any CPU.ActiveCfg = Release|Any CPU
		{FFF59856-A55D-4B0D-9EDB-ABD50EB2D2C7}.Release|Any CPU.Build.0 = Release|Any CPU
		{5D81C050-C47F-441A-BF69-DB8EE432A7E8}.Debug|Any CPU.ActiveCfg = Debug|Any CPU
		{5D81C050-C47F-441A-BF69-DB8EE432A7E8}.Debug|Any CPU.Build.0 = Debug|Any CPU
		{5D81C050-C47F-441A-BF69-DB8EE432A7E8}.Release|Any CPU.ActiveCfg = Release|Any CPU
		{5D81C050-C47F-441A-BF69-DB8EE432A7E8}.Release|Any CPU.Build.0 = Release|Any CPU
	EndGlobalSection
	GlobalSection(SolutionProperties) = preSolution
		HideSolutionNode = FALSE
	EndGlobalSection
	GlobalSection(ExtensibilityGlobals) = postSolution
		SolutionGuid = {45C1697F-AD7C-4951-AE09-C355DC63B6C2}
	EndGlobalSection
EndGlobal
